
Microsoft Visual Studio Solution File, Format Version 12.00
# Visual Studio 15
VisualStudioVersion = 15.0.27130.2036
MinimumVisualStudioVersion = 10.0.40219.1
Project("{E24C65DC-7377-472B-9ABA-BC803B73C61A}") = "BancolombiaWebService", "BancolombiaWebService\", "{411020A7-2D8A-4961-8AF3-37D117577151}"
	ProjectSection(WebsiteProperties) = preProject
		TargetFrameworkMoniker = ".NETFramework,Version%3Dv4.6.1"
		Debug.AspNetCompiler.VirtualPath = "/localhost_55330"
		Debug.AspNetCompiler.PhysicalPath = "BancolombiaWebService\"
		Debug.AspNetCompiler.TargetPath = "PrecompiledWeb\localhost_55330\"
		Debug.AspNetCompiler.Updateable = "true"
		Debug.AspNetCompiler.ForceOverwrite = "true"
		Debug.AspNetCompiler.FixedNames = "false"
		Debug.AspNetCompiler.Debug = "True"
		Release.AspNetCompiler.VirtualPath = "/localhost_55330"
		Release.AspNetCompiler.PhysicalPath = "BancolombiaWebService\"
		Release.AspNetCompiler.TargetPath = "PrecompiledWeb\localhost_55330\"
		Release.AspNetCompiler.Updateable = "true"
		Release.AspNetCompiler.ForceOverwrite = "true"
		Release.AspNetCompiler.FixedNames = "false"
		Release.AspNetCompiler.Debug = "False"
		VWDPort = "55330"
		SlnRelativePath = "BancolombiaWebService\"
		DefaultWebSiteLanguage = "Visual C#"
	EndProjectSection
EndProject
Global
	GlobalSection(SolutionConfigurationPlatforms) = preSolution
		Debug|Any CPU = Debug|Any CPU
	EndGlobalSection
	GlobalSection(ProjectConfigurationPlatforms) = postSolution
		{411020A7-2D8A-4961-8AF3-37D117577151}.Debug|Any CPU.ActiveCfg = Debug|Any CPU
		{411020A7-2D8A-4961-8AF3-37D117577151}.Debug|Any CPU.Build.0 = Debug|Any CPU
	EndGlobalSection
	GlobalSection(SolutionProperties) = preSolution
		HideSolutionNode = FALSE
	EndGlobalSection
	GlobalSection(ExtensibilityGlobals) = postSolution
		SolutionGuid = {0FAE86F2-B819-4B7B-A4BE-5D57956FEE1A}
	EndGlobalSection
EndGlobal
